// !$*UTF8*$!
{
	archiveVersion = 1;
	classes = {
	};
	objectVersion = 46;
	objects = {

/* Begin PBXBuildFile section */
		7B85EB461DF911DE009BF167 /* AppDelegate.swift in Sources */ = {isa = PBXBuildFile; fileRef = 7B85EB451DF911DE009BF167 /* AppDelegate.swift */; };
		7B85EB481DF911DE009BF167 /* ViewController.swift in Sources */ = {isa = PBXBuildFile; fileRef = 7B85EB471DF911DE009BF167 /* ViewController.swift */; };
		7B85EB4B1DF911DE009BF167 /* Main.storyboard in Resources */ = {isa = PBXBuildFile; fileRef = 7B85EB491DF911DE009BF167 /* Main.storyboard */; };
		7B85EB4D1DF911DE009BF167 /* Assets.xcassets in Resources */ = {isa = PBXBuildFile; fileRef = 7B85EB4C1DF911DE009BF167 /* Assets.xcassets */; };
		7B85EB501DF911DE009BF167 /* LaunchScreen.storyboard in Resources */ = {isa = PBXBuildFile; fileRef = 7B85EB4E1DF911DE009BF167 /* LaunchScreen.storyboard */; };
		7B85EB591DF912A9009BF167 /* ball.png in Resources */ = {isa = PBXBuildFile; fileRef = 7B85EB581DF912A9009BF167 /* ball.png */; };
		7B873E8C1DFBAFC80044FE1B /* Brazil-2014.mp3 in Resources */ = {isa = PBXBuildFile; fileRef = 7B873E8B1DFBAFC80044FE1B /* Brazil-2014.mp3 */; };
/* End PBXBuildFile section */

/* Begin PBXFileReference section */
		7B85EB421DF911DE009BF167 /* RollingBall.app */ = {isa = PBXFileReference; explicitFileType = wrapper.application; includeInIndex = 0; path = RollingBall.app; sourceTree = BUILT_PRODUCTS_DIR; };
		7B85EB451DF911DE009BF167 /* AppDelegate.swift */ = {isa = PBXFileReference; lastKnownFileType = sourcecode.swift; path = AppDelegate.swift; sourceTree = "<group>"; };
		7B85EB471DF911DE009BF167 /* ViewController.swift */ = {isa = PBXFileReference; lastKnownFileType = sourcecode.swift; path = ViewController.swift; sourceTree = "<group>"; };
		7B85EB4A1DF911DE009BF167 /* Base */ = {isa = PBXFileReference; lastKnownFileType = file.storyboard; name = Base; path = Base.lproj/Main.storyboard; sourceTree = "<group>"; };
		7B85EB4C1DF911DE009BF167 /* Assets.xcassets */ = {isa = PBXFileReference; lastKnownFileType = folder.assetcatalog; path = Assets.xcassets; sourceTree = "<group>"; };
		7B85EB4F1DF911DE009BF167 /* Base */ = {isa = PBXFileReference; lastKnownFileType = file.storyboard; name = Base; path = Base.lproj/LaunchScreen.storyboard; sourceTree = "<group>"; };
		7B85EB511DF911DE009BF167 /* Info.plist */ = {isa = PBXFileReference; lastKnownFileType = text.plist.xml; path = Info.plist; sourceTree = "<group>"; };
		7B85EB581DF912A9009BF167 /* ball.png */ = {isa = PBXFileReference; lastKnownFileType = image.png; path = ball.png; sourceTree = "<group>"; };
		7B873E8B1DFBAFC80044FE1B /* Brazil-2014.mp3 */ = {isa = PBXFileReference; lastKnownFileType = audio.mp3; path = "Brazil-2014.mp3"; sourceTree = "<group>"; };
/* End PBXFileReference section */

/* Begin PBXFrameworksBuildPhase section */
		7B85EB3F1DF911DE009BF167 /* Frameworks */ = {
			isa = PBXFrameworksBuildPhase;
			buildActionMask = 2147483647;
			files = (
			);
			runOnlyForDeploymentPostprocessing = 0;
		};
/* End PBXFrameworksBuildPhase section */

/* Begin PBXGroup section */
		7B85EB391DF911DE009BF167 = {
			isa = PBXGroup;
			children = (
				7B85EB441DF911DE009BF167 /* RollingBall */,
				7B85EB431DF911DE009BF167 /* Products */,
			);
			sourceTree = "<group>";
		};
		7B85EB431DF911DE009BF167 /* Products */ = {
			isa = PBXGroup;
			children = (
				7B85EB421DF911DE009BF167 /* RollingBall.app */,
			);
			name = Products;
			sourceTree = "<group>";
		};
		7B85EB441DF911DE009BF167 /* RollingBall */ = {
			isa = PBXGroup;
			children = (
				7B85EB571DF9129C009BF167 /* source */,
				7B85EB451DF911DE009BF167 /* AppDelegate.swift */,
				7B85EB471DF911DE009BF167 /* ViewController.swift */,
				7B85EB491DF911DE009BF167 /* Main.storyboard */,
				7B85EB4C1DF911DE009BF167 /* Assets.xcassets */,
				7B85EB4E1DF911DE009BF167 /* LaunchScreen.storyboard */,
				7B85EB511DF911DE009BF167 /* Info.plist */,
			);
			path = RollingBall;
			sourceTree = "<group>";
		};
		7B85EB571DF9129C009BF167 /* source */ = {
			isa = PBXGroup;
			children = (
				7B873E8B1DFBAFC80044FE1B /* Brazil-2014.mp3 */,
				7B85EB581DF912A9009BF167 /* ball.png */,
			);
			name = source;
			sourceTree = "<group>";
		};
/* End PBXGroup section */

/* Begin PBXNativeTarget section */
		7B85EB411DF911DE009BF167 /* RollingBall */ = {
			isa = PBXNativeTarget;
			buildConfigurationList = 7B85EB541DF911DE009BF167 /* Build configuration list for PBXNativeTarget "RollingBall" */;
			buildPhases = (
				7B85EB3E1DF911DE009BF167 /* Sources */,
				7B85EB3F1DF911DE009BF167 /* Frameworks */,
				7B85EB401DF911DE009BF167 /* Resources */,
			);
			buildRules = (
			);
			dependencies = (
			);
			name = RollingBall;
			productName = RollingBall;
			productReference = 7B85EB421DF911DE009BF167 /* RollingBall.app */;
			productType = "com.apple.product-type.application";
		};
/* End PBXNativeTarget section */

/* Begin PBXProject section */
		7B85EB3A1DF911DE009BF167 /* Project object */ = {
			isa = PBXProject;
			attributes = {
				LastSwiftUpdateCheck = 0730;
				LastUpgradeCheck = 0730;
				ORGANIZATIONNAME = NguyenDucBien;
				TargetAttributes = {
					7B85EB411DF911DE009BF167 = {
						CreatedOnToolsVersion = 7.3.1;
					};
				};
			};
			buildConfigurationList = 7B85EB3D1DF911DE009BF167 /* Build configuration list for PBXProject "RollingBall" */;
			compatibilityVersion = "Xcode 3.2";
			developmentRegion = English;
			hasScannedForEncodings = 0;
			knownRegions = (
				en,
				Base,
			);
			mainGroup = 7B85EB391DF911DE009BF167;
			productRefGroup = 7B85EB431DF911DE009BF167 /* Products */;
			projectDirPath = "";
			projectRoot = "";
			targets = (
				7B85EB411DF911DE009BF167 /* RollingBall */,
			);
		};
/* End PBXProject section */

/* Begin PBXResourcesBuildPhase section */
		7B85EB401DF911DE009BF167 /* Resources */ = {
			isa = PBXResourcesBuildPhase;
			buildActionMask = 2147483647;
			files = (
				7B85EB501DF911DE009BF167 /* LaunchScreen.storyboard in Resources */,
				7B85EB4D1DF911DE009BF167 /* Assets.xcassets in Resources */,
				7B85EB591DF912A9009BF167 /* ball.png in Resources */,
				7B873E8C1DFBAFC80044FE1B /* Brazil-2014.mp3 in Resources */,
				7B85EB4B1DF911DE009BF167 /* Main.storyboard in Resources */,
			);
			runOnlyForDeploymentPostprocessing = 0;
		};
/* End PBXResourcesBuildPhase section */

/* Begin PBXSourcesBuildPhase section */
		7B85EB3E1DF911DE009BF167 /* Sources */ = {
			isa = PBXSourcesBuildPhase;
			buildActionMask = 2147483647;
			files = (
				7B85EB481DF911DE009BF167 /* ViewController.swift in Sources */,
				7B85EB461DF911DE009BF167 /* AppDelegate.swift in Sources */,
			);
			runOnlyForDeploymentPostprocessing = 0;
		};
/* End PBXSourcesBuildPhase section */

/* Begin PBXVariantGroup section */
		7B85EB491DF911DE009BF167 /* Main.storyboard */ = {
			isa = PBXVariantGroup;
			children = (
				7B85EB4A1DF911DE009BF167 /* Base */,
			);
			name = Main.storyboard;
			sourceTree = "<group>";
		};
		7B85EB4E1DF911DE009BF167 /* LaunchScreen.storyboard */ = {
			isa = PBXVariantGroup;
			children = (
				7B85EB4F1DF911DE009BF167 /* Base */,
			);
			name = LaunchScreen.storyboard;
			sourceTree = "<group>";
		};
/* End PBXVariantGroup section */

/* Begin XCBuildConfiguration section */
		7B85EB521DF911DE009BF167 /* Debug */ = {
			isa = XCBuildConfiguration;
			buildSettings = {
				ALWAYS_SEARCH_USER_PATHS = NO;
				CLANG_ANALYZER_NONNULL = YES;
				CLANG_CXX_LANGUAGE_STANDARD = "gnu++0x";
				CLANG_CXX_LIBRARY = "libc++";
				CLANG_ENABLE_MODULES = YES;
				CLANG_ENABLE_OBJC_ARC = YES;
				CLANG_WARN_BOOL_CONVERSION = YES;
				CLANG_WARN_CONSTANT_CONVERSION = YES;
				CLANG_WARN_DIRECT_OBJC_ISA_USAGE = YES_ERROR;
				CLANG_WARN_EMPTY_BODY = YES;
				CLANG_WARN_ENUM_CONVERSION = YES;
				CLANG_WARN_INT_CONVERSION = YES;
				CLANG_WARN_OBJC_ROOT_CLASS = YES_ERROR;
				CLANG_WARN_UNREACHABLE_CODE = YES;
				CLANG_WARN__DUPLICATE_METHOD_MATCH = YES;
				"CODE_SIGN_IDENTITY[sdk=iphoneos*]" = "iPhone Developer";
				COPY_PHASE_STRIP = NO;
				DEBUG_INFORMATION_FORMAT = dwarf;
				ENABLE_STRICT_OBJC_MSGSEND = YES;
				ENABLE_TESTABILITY = YES;
				GCC_C_LANGUAGE_STANDARD = gnu99;
				GCC_DYNAMIC_NO_PIC = NO;
				GCC_NO_COMMON_BLOCKS = YES;
				GCC_OPTIMIZATION_LEVEL = 0;
				GCC_PREPROCESSOR_DEFINITIONS = (
					"DEBUG=1",
					"$(inherited)",
				);
				GCC_WARN_64_TO_32_BIT_CONVERSION = YES;
				GCC_WARN_ABOUT_RETURN_TYPE = YES_ERROR;
				GCC_WARN_UNDECLARED_SELECTOR = YES;
				GCC_WARN_UNINITIALIZED_AUTOS = YES_AGGRESSIVE;
				GCC_WARN_UNUSED_FUNCTION = YES;
				GCC_WARN_UNUSED_VARIABLE = YES;
				IPHONEOS_DEPLOYMENT_TARGET = 9.3;
				MTL_ENABLE_DEBUG_INFO = YES;
				ONLY_ACTIVE_ARCH = YES;
				SDKROOT = iphoneos;
				SWIFT_OPTIMIZATION_LEVEL = "-Onone";
				TARGETED_DEVICE_FAMILY = "1,2";
			};
			name = Debug;
		};
		7B85EB531DF911DE009BF167 /* Release */ = {
			isa = XCBuildConfiguration;
			buildSettings = {
				ALWAYS_SEARCH_USER_PATHS = NO;
				CLANG_ANALYZER_NONNULL = YES;
				CLANG_CXX_LANGUAGE_STANDARD = "gnu++0x";
				CLANG_CXX_LIBRARY = "libc++";
				CLANG_ENABLE_MODULES = YES;
				CLANG_ENABLE_OBJC_ARC = YES;
				CLANG_WARN_BOOL_CONVERSION = YES;
				CLANG_WARN_CONSTANT_CONVERSION = YES;
				CLANG_WARN_DIRECT_OBJC_ISA_USAGE = YES_ERROR;
				CLANG_WARN_EMPTY_BODY = YES;
				CLANG_WARN_ENUM_CONVERSION = YES;
				CLANG_WARN_INT_CONVERSION = YES;
				CLANG_WARN_OBJC_ROOT_CLASS = YES_ERROR;
				CLANG_WARN_UNREACHABLE_CODE = YES;
				CLANG_WARN__DUPLICATE_METHOD_MATCH = YES;
				"CODE_SIGN_IDENTITY[sdk=iphoneos*]" = "iPhone Developer";
				COPY_PHASE_STRIP = NO;
				DEBUG_INFORMATION_FORMAT = "dwarf-with-dsym";
				ENABLE_NS_ASSERTIONS = NO;
				ENABLE_STRICT_OBJC_MSGSEND = YES;
				GCC_C_LANGUAGE_STANDARD = gnu99;
				GCC_NO_COMMON_BLOCKS = YES;
				GCC_WARN_64_TO_32_BIT_CONVERSION = YES;
				GCC_WARN_ABOUT_RETURN_TYPE = YES_ERROR;
				GCC_WARN_UNDECLARED_SELECTOR = YES;
				GCC_WARN_UNINITIALIZED_AUTOS = YES_AGGRESSIVE;
				GCC_WARN_UNUSED_FUNCTION = YES;
				GCC_WARN_UNUSED_VARIABLE = YES;
				IPHONEOS_DEPLOYMENT_TARGET = 9.3;
				MTL_ENABLE_DEBUG_INFO = NO;
				SDKROOT = iphoneos;
				TARGETED_DEVICE_FAMILY = "1,2";
				VALIDATE_PRODUCT = YES;
			};
			name = Release;
		};
		7B85EB551DF911DE009BF167 /* Debug */ = {
			isa = XCBuildConfiguration;
			buildSettings = {
				ASSETCATALOG_COMPILER_APPICON_NAME = AppIcon;
				INFOPLIST_FILE = RollingBall/Info.plist;
				LD_RUNPATH_SEARCH_PATHS = "$(inherited) @executable_path/Frameworks";
				PRODUCT_BUNDLE_IDENTIFIER = com.jun.RollingBall;
				PRODUCT_NAME = "$(TARGET_NAME)";
			};
			name = Debug;
		};
		7B85EB561DF911DE009BF167 /* Release */ = {
			isa = XCBuildConfiguration;
			buildSettings = {
				ASSETCATALOG_COMPILER_APPICON_NAME = AppIcon;
				INFOPLIST_FILE = RollingBall/Info.plist;
				LD_RUNPATH_SEARCH_PATHS = "$(inherited) @executable_path/Frameworks";
				PRODUCT_BUNDLE_IDENTIFIER = com.jun.RollingBall;
				PRODUCT_NAME = "$(TARGET_NAME)";
			};
			name = Release;
		};
/* End XCBuildConfiguration section */

/* Begin XCConfigurationList section */
		7B85EB3D1DF911DE009BF167 /* Build configuration list for PBXProject "RollingBall" */ = {
			isa = XCConfigurationList;
			buildConfigurations = (
				7B85EB521DF911DE009BF167 /* Debug */,
				7B85EB531DF911DE009BF167 /* Release */,
			);
			defaultConfigurationIsVisible = 0;
			defaultConfigurationName = Release;
		};
		7B85EB541DF911DE009BF167 /* Build configuration list for PBXNativeTarget "RollingBall" */ = {
			isa = XCConfigurationList;
			buildConfigurations = (
				7B85EB551DF911DE009BF167 /* Debug */,
				7B85EB561DF911DE009BF167 /* Release */,
			);
			defaultConfigurationIsVisible = 0;
			defaultConfigurationName = Release;
		};
/* End XCConfigurationList section */
	};
	rootObject = 7B85EB3A1DF911DE009BF167 /* Project object */;
}
